
Microsoft Visual Studio Solution File, Format Version 12.00
# Visual Studio Version 17
VisualStudioVersion = 17.0.32112.339
MinimumVisualStudioVersion = 10.0.40219.1
Project("{FAE04EC0-301F-11D3-BF4B-00C04F79EFBC}") = "WebApp", "WebApp\WebApp.csproj", "{472D0525-9216-49C6-A014-068A1B4BA329}"
EndProject
Global
	GlobalSection(SolutionConfigurationPlatforms) = preSolution
		Debug|Any CPU = Debug|Any CPU
		Release|Any CPU = Release|Any CPU
	EndGlobalSection
	GlobalSection(ProjectConfigurationPlatforms) = postSolution
		{472D0525-9216-49C6-A014-068A1B4BA329}.Debug|Any CPU.ActiveCfg = Debug|Any CPU
		{472D0525-9216-49C6-A014-068A1B4BA329}.Debug|Any CPU.Build.0 = Debug|Any CPU
		{472D0525-9216-49C6-A014-068A1B4BA329}.Release|Any CPU.ActiveCfg = Release|Any CPU
		{472D0525-9216-49C6-A014-068A1B4BA329}.Release|Any CPU.Build.0 = Release|Any CPU
	EndGlobalSection
	GlobalSection(SolutionProperties) = preSolution
		HideSolutionNode = FALSE
	EndGlobalSection
	GlobalSection(ExtensibilityGlobals) = postSolution
		SolutionGuid = {02E0FFA0-E00A-4459-BA75-8C2DD62C9F55}
	EndGlobalSection
EndGlobal
